
Microsoft Visual Studio Solution File, Format Version 12.00
# Visual Studio Version 16
VisualStudioVersion = 16.0.28803.156
MinimumVisualStudioVersion = 10.0.40219.1
Project("{FAE04EC0-301F-11D3-BF4B-00C04F79EFBC}") = "core-b2c-webapp", "core-b2c-webapp\core-b2c-webapp.csproj", "{991ECD3F-7E0C-43C5-85E1-D6F683629C31}"
EndProject
Global
	GlobalSection(SolutionConfigurationPlatforms) = preSolution
		Debug|Any CPU = Debug|Any CPU
		Release|Any CPU = Release|Any CPU
	EndGlobalSection
	GlobalSection(ProjectConfigurationPlatforms) = postSolution
		{991ECD3F-7E0C-43C5-85E1-D6F683629C31}.Debug|Any CPU.ActiveCfg = Debug|Any CPU
		{991ECD3F-7E0C-43C5-85E1-D6F683629C31}.Debug|Any CPU.Build.0 = Debug|Any CPU
		{991ECD3F-7E0C-43C5-85E1-D6F683629C31}.Release|Any CPU.ActiveCfg = Release|Any CPU
		{991ECD3F-7E0C-43C5-85E1-D6F683629C31}.Release|Any CPU.Build.0 = Release|Any CPU
	EndGlobalSection
	GlobalSection(SolutionProperties) = preSolution
		HideSolutionNode = FALSE
	EndGlobalSection
	GlobalSection(ExtensibilityGlobals) = postSolution
		SolutionGuid = {9CA50949-C710-4F0C-936B-7DF271ED31AD}
	EndGlobalSection
EndGlobal
